
Microsoft Visual Studio Solution File, Format Version 12.00
# Visual Studio Version 17
VisualStudioVersion = 17.0.32126.317
MinimumVisualStudioVersion = 10.0.40219.1
Project("{9A19103F-16F7-4668-BE54-9A1E7A4F7556}") = "Arcus.Messaging.Tests.Integration", "Arcus.Messaging.Tests.Integration\Arcus.Messaging.Tests.Integration.csproj", "{ECBC0F80-31D0-452B-8EEA-B4BC2A9975A3}"
EndProject
Project("{2150E333-8FDC-42A3-9474-1A3956D46DE8}") = "Tests", "Tests", "{A1369CCD-42D1-43F6-98BC-D8EDA62C2B13}"
EndProject
Project("{9A19103F-16F7-4668-BE54-9A1E7A4F7556}") = "Arcus.Messaging.Health", "Arcus.Messaging.Health\Arcus.Messaging.Health.csproj", "{1C456BF4-4947-4171-BF6F-80A9A511F740}"
EndProject
Project("{9A19103F-16F7-4668-BE54-9A1E7A4F7556}") = "Arcus.Messaging.Pumps.ServiceBus", "Arcus.Messaging.Pumps.ServiceBus\Arcus.Messaging.Pumps.ServiceBus.csproj", "{B21CD154-120D-49C5-AC2B-AC3ABDE97641}"
EndProject
Project("{9A19103F-16F7-4668-BE54-9A1E7A4F7556}") = "Arcus.Messaging.Pumps.Abstractions", "Arcus.Messaging.Pumps.Abstractions\Arcus.Messaging.Pumps.Abstractions.csproj", "{49ECCDCE-C814-4034-B1D3-ABAAEE04ACAB}"
EndProject
Project("{9A19103F-16F7-4668-BE54-9A1E7A4F7556}") = "Arcus.Messaging.ServiceBus.Core", "Arcus.Messaging.ServiceBus.Core\Arcus.Messaging.ServiceBus.Core.csproj", "{71FCD6E8-B586-4F4B-AA26-0C2F698B837E}"
EndProject
Project("{9A19103F-16F7-4668-BE54-9A1E7A4F7556}") = "Arcus.Messaging.Abstractions", "Arcus.Messaging.Abstractions\Arcus.Messaging.Abstractions.csproj", "{B53BF9F5-AC72-4462-87DE-C19CA7C74C9D}"
EndProject
Project("{9A19103F-16F7-4668-BE54-9A1E7A4F7556}") = "Arcus.Messaging.Tests.Workers", "Arcus.Messaging.Tests.Workers\Arcus.Messaging.Tests.Workers.csproj", "{3C4C0426-284D-4279-8A68-B1B396EFEC57}"
EndProject
Project("{9A19103F-16F7-4668-BE54-9A1E7A4F7556}") = "Arcus.Messaging.Tests.Unit", "Arcus.Messaging.Tests.Unit\Arcus.Messaging.Tests.Unit.csproj", "{9EED9AD7-B69D-45D5-870F-D4F63A1C3495}"
EndProject
Project("{9A19103F-16F7-4668-BE54-9A1E7A4F7556}") = "Arcus.Messaging.Tests.Core", "Arcus.Messaging.Tests.Core\Arcus.Messaging.Tests.Core.csproj", "{55DE6D12-4C54-4570-BDFA-00B0FFDE5AB6}"
EndProject
Project("{9A19103F-16F7-4668-BE54-9A1E7A4F7556}") = "Arcus.Messaging.Abstractions.ServiceBus", "Arcus.Messaging.Abstractions.ServiceBus\Arcus.Messaging.Abstractions.ServiceBus.csproj", "{864C12DF-DE3D-421F-8687-EC3918FFB8BE}"
EndProject
Project("{9A19103F-16F7-4668-BE54-9A1E7A4F7556}") = "Arcus.Messaging.Pumps.EventHubs", "Arcus.Messaging.Pumps.EventHubs\Arcus.Messaging.Pumps.EventHubs.csproj", "{F5A14425-FEF5-425D-875C-2601C988E6FA}"
EndProject
Project("{9A19103F-16F7-4668-BE54-9A1E7A4F7556}") = "Arcus.Messaging.Abstractions.EventHubs", "Arcus.Messaging.Abstractions.EventHubs\Arcus.Messaging.Abstractions.EventHubs.csproj", "{040DE2D5-0400-4B4A-A333-60C45CBB0204}"
EndProject
Project("{9A19103F-16F7-4668-BE54-9A1E7A4F7556}") = "Arcus.Messaging.EventHubs.Core", "Arcus.Messaging.EventHubs.Core\Arcus.Messaging.EventHubs.Core.csproj", "{05EA4B3A-C619-44BB-88C4-F067FCCF83AA}"
EndProject
Project("{2150E333-8FDC-42A3-9474-1A3956D46DE8}") = "ServiceBus", "ServiceBus", "{2CD090E7-7306-49A0-9680-6ED78CFECAE1}"
EndProject
Project("{2150E333-8FDC-42A3-9474-1A3956D46DE8}") = "EventHubs", "EventHubs", "{31250C96-0F22-482F-B3D7-127898A28CF3}"
EndProject
Project("{9A19103F-16F7-4668-BE54-9A1E7A4F7556}") = "Arcus.Messaging.Tests.Workers.ServiceBus", "Arcus.Messaging.Tests.Workers.ServiceBus\Arcus.Messaging.Tests.Workers.ServiceBus.csproj", "{F1B24FD4-099E-489D-B45D-A1A992CA5C3A}"
EndProject
Project("{9A19103F-16F7-4668-BE54-9A1E7A4F7556}") = "Arcus.Messaging.Tests.Workers.EventHubs.Core", "Arcus.Messaging.Tests.Workers.EventHubs.Core\Arcus.Messaging.Tests.Workers.EventHubs.Core.csproj", "{0D6C38A7-B684-43BA-9BCF-1EF4C1A943CD}"
EndProject
Project("{9A19103F-16F7-4668-BE54-9A1E7A4F7556}") = "Arcus.Messaging.AzureFunctions.EventHubs", "Arcus.Messaging.AzureFunctions.EventHubs\Arcus.Messaging.AzureFunctions.EventHubs.csproj", "{619AA74F-CDE4-48F6-B6E4-4B7C191CCB1B}"
EndProject
Project("{2150E333-8FDC-42A3-9474-1A3956D46DE8}") = "Solution Items", "Solution Items", "{D30D298C-0C7E-4400-B7C6-AE75A3BEC62C}"
	ProjectSection(SolutionItems) = preProject
		.editorconfig = .editorconfig
	EndProjectSection
EndProject
Global
	GlobalSection(SolutionConfigurationPlatforms) = preSolution
		Debug|Any CPU = Debug|Any CPU
		Release|Any CPU = Release|Any CPU
	EndGlobalSection
	GlobalSection(ProjectConfigurationPlatforms) = postSolution
		{ECBC0F80-31D0-452B-8EEA-B4BC2A9975A3}.Debug|Any CPU.ActiveCfg = Debug|Any CPU
		{ECBC0F80-31D0-452B-8EEA-B4BC2A9975A3}.Debug|Any CPU.Build.0 = Debug|Any CPU
		{ECBC0F80-31D0-452B-8EEA-B4BC2A9975A3}.Release|Any CPU.ActiveCfg = Release|Any CPU
		{ECBC0F80-31D0-452B-8EEA-B4BC2A9975A3}.Release|Any CPU.Build.0 = Release|Any CPU
		{1C456BF4-4947-4171-BF6F-80A9A511F740}.Debug|Any CPU.ActiveCfg = Debug|Any CPU
		{1C456BF4-4947-4171-BF6F-80A9A511F740}.Debug|Any CPU.Build.0 = Debug|Any CPU
		{1C456BF4-4947-4171-BF6F-80A9A511F740}.Release|Any CPU.ActiveCfg = Release|Any CPU
		{1C456BF4-4947-4171-BF6F-80A9A511F740}.Release|Any CPU.Build.0 = Release|Any CPU
		{B21CD154-120D-49C5-AC2B-AC3ABDE97641}.Debug|Any CPU.ActiveCfg = Debug|Any CPU
		{B21CD154-120D-49C5-AC2B-AC3ABDE97641}.Debug|Any CPU.Build.0 = Debug|Any CPU
		{B21CD154-120D-49C5-AC2B-AC3ABDE97641}.Release|Any CPU.ActiveCfg = Release|Any CPU
		{B21CD154-120D-49C5-AC2B-AC3ABDE97641}.Release|Any CPU.Build.0 = Release|Any CPU
		{49ECCDCE-C814-4034-B1D3-ABAAEE04ACAB}.Debug|Any CPU.ActiveCfg = Debug|Any CPU
		{49ECCDCE-C814-4034-B1D3-ABAAEE04ACAB}.Debug|Any CPU.Build.0 = Debug|Any CPU
		{49ECCDCE-C814-4034-B1D3-ABAAEE04ACAB}.Release|Any CPU.ActiveCfg = Release|Any CPU
		{49ECCDCE-C814-4034-B1D3-ABAAEE04ACAB}.Release|Any CPU.Build.0 = Release|Any CPU
		{71FCD6E8-B586-4F4B-AA26-0C2F698B837E}.Debug|Any CPU.ActiveCfg = Debug|Any CPU
		{71FCD6E8-B586-4F4B-AA26-0C2F698B837E}.Debug|Any CPU.Build.0 = Debug|Any CPU
		{71FCD6E8-B586-4F4B-AA26-0C2F698B837E}.Release|Any CPU.ActiveCfg = Release|Any CPU
		{71FCD6E8-B586-4F4B-AA26-0C2F698B837E}.Release|Any CPU.Build.0 = Release|Any CPU
		{B53BF9F5-AC72-4462-87DE-C19CA7C74C9D}.Debug|Any CPU.ActiveCfg = Debug|Any CPU
		{B53BF9F5-AC72-4462-87DE-C19CA7C74C9D}.Debug|Any CPU.Build.0 = Debug|Any CPU
		{B53BF9F5-AC72-4462-87DE-C19CA7C74C9D}.Release|Any CPU.ActiveCfg = Release|Any CPU
		{B53BF9F5-AC72-4462-87DE-C19CA7C74C9D}.Release|Any CPU.Build.0 = Release|Any CPU
		{3C4C0426-284D-4279-8A68-B1B396EFEC57}.Debug|Any CPU.ActiveCfg = Debug|Any CPU
		{3C4C0426-284D-4279-8A68-B1B396EFEC57}.Debug|Any CPU.Build.0 = Debug|Any CPU
		{3C4C0426-284D-4279-8A68-B1B396EFEC57}.Release|Any CPU.ActiveCfg = Release|Any CPU
		{3C4C0426-284D-4279-8A68-B1B396EFEC57}.Release|Any CPU.Build.0 = Release|Any CPU
		{9EED9AD7-B69D-45D5-870F-D4F63A1C3495}.Debug|Any CPU.ActiveCfg = Debug|Any CPU
		{9EED9AD7-B69D-45D5-870F-D4F63A1C3495}.Debug|Any CPU.Build.0 = Debug|Any CPU
		{9EED9AD7-B69D-45D5-870F-D4F63A1C3495}.Release|Any CPU.ActiveCfg = Release|Any CPU
		{9EED9AD7-B69D-45D5-870F-D4F63A1C3495}.Release|Any CPU.Build.0 = Release|Any CPU
		{55DE6D12-4C54-4570-BDFA-00B0FFDE5AB6}.Debug|Any CPU.ActiveCfg = Debug|Any CPU
		{55DE6D12-4C54-4570-BDFA-00B0FFDE5AB6}.Debug|Any CPU.Build.0 = Debug|Any CPU
		{55DE6D12-4C54-4570-BDFA-00B0FFDE5AB6}.Release|Any CPU.ActiveCfg = Release|Any CPU
		{55DE6D12-4C54-4570-BDFA-00B0FFDE5AB6}.Release|Any CPU.Build.0 = Release|Any CPU
		{864C12DF-DE3D-421F-8687-EC3918FFB8BE}.Debug|Any CPU.ActiveCfg = Debug|Any CPU
		{864C12DF-DE3D-421F-8687-EC3918FFB8BE}.Debug|Any CPU.Build.0 = Debug|Any CPU
		{864C12DF-DE3D-421F-8687-EC3918FFB8BE}.Release|Any CPU.ActiveCfg = Release|Any CPU
		{864C12DF-DE3D-421F-8687-EC3918FFB8BE}.Release|Any CPU.Build.0 = Release|Any CPU
		{F5A14425-FEF5-425D-875C-2601C988E6FA}.Debug|Any CPU.ActiveCfg = Debug|Any CPU
		{F5A14425-FEF5-425D-875C-2601C988E6FA}.Debug|Any CPU.Build.0 = Debug|Any CPU
		{F5A14425-FEF5-425D-875C-2601C988E6FA}.Release|Any CPU.ActiveCfg = Release|Any CPU
		{F5A14425-FEF5-425D-875C-2601C988E6FA}.Release|Any CPU.Build.0 = Release|Any CPU
		{040DE2D5-0400-4B4A-A333-60C45CBB0204}.Debug|Any CPU.ActiveCfg = Debug|Any CPU
		{040DE2D5-0400-4B4A-A333-60C45CBB0204}.Debug|Any CPU.Build.0 = Debug|Any CPU
		{040DE2D5-0400-4B4A-A333-60C45CBB0204}.Release|Any CPU.ActiveCfg = Release|Any CPU
		{040DE2D5-0400-4B4A-A333-60C45CBB0204}.Release|Any CPU.Build.0 = Release|Any CPU
		{05EA4B3A-C619-44BB-88C4-F067FCCF83AA}.Debug|Any CPU.ActiveCfg = Debug|Any CPU
		{05EA4B3A-C619-44BB-88C4-F067FCCF83AA}.Debug|Any CPU.Build.0 = Debug|Any CPU
		{05EA4B3A-C619-44BB-88C4-F067FCCF83AA}.Release|Any CPU.ActiveCfg = Release|Any CPU
		{05EA4B3A-C619-44BB-88C4-F067FCCF83AA}.Release|Any CPU.Build.0 = Release|Any CPU
		{F1B24FD4-099E-489D-B45D-A1A992CA5C3A}.Debug|Any CPU.ActiveCfg = Debug|Any CPU
		{F1B24FD4-099E-489D-B45D-A1A992CA5C3A}.Debug|Any CPU.Build.0 = Debug|Any CPU
		{F1B24FD4-099E-489D-B45D-A1A992CA5C3A}.Release|Any CPU.ActiveCfg = Release|Any CPU
		{F1B24FD4-099E-489D-B45D-A1A992CA5C3A}.Release|Any CPU.Build.0 = Release|Any CPU
		{0D6C38A7-B684-43BA-9BCF-1EF4C1A943CD}.Debug|Any CPU.ActiveCfg = Debug|Any CPU
		{0D6C38A7-B684-43BA-9BCF-1EF4C1A943CD}.Debug|Any CPU.Build.0 = Debug|Any CPU
		{0D6C38A7-B684-43BA-9BCF-1EF4C1A943CD}.Release|Any CPU.ActiveCfg = Release|Any CPU
		{0D6C38A7-B684-43BA-9BCF-1EF4C1A943CD}.Release|Any CPU.Build.0 = Release|Any CPU
	EndGlobalSection
	GlobalSection(SolutionProperties) = preSolution
		HideSolutionNode = FALSE
	EndGlobalSection
	GlobalSection(NestedProjects) = preSolution
		{ECBC0F80-31D0-452B-8EEA-B4BC2A9975A3} = {A1369CCD-42D1-43F6-98BC-D8EDA62C2B13}
		{B21CD154-120D-49C5-AC2B-AC3ABDE97641} = {2CD090E7-7306-49A0-9680-6ED78CFECAE1}
		{71FCD6E8-B586-4F4B-AA26-0C2F698B837E} = {2CD090E7-7306-49A0-9680-6ED78CFECAE1}
		{3C4C0426-284D-4279-8A68-B1B396EFEC57} = {A1369CCD-42D1-43F6-98BC-D8EDA62C2B13}
		{9EED9AD7-B69D-45D5-870F-D4F63A1C3495} = {A1369CCD-42D1-43F6-98BC-D8EDA62C2B13}
		{55DE6D12-4C54-4570-BDFA-00B0FFDE5AB6} = {A1369CCD-42D1-43F6-98BC-D8EDA62C2B13}
		{864C12DF-DE3D-421F-8687-EC3918FFB8BE} = {2CD090E7-7306-49A0-9680-6ED78CFECAE1}
		{F5A14425-FEF5-425D-875C-2601C988E6FA} = {31250C96-0F22-482F-B3D7-127898A28CF3}
		{040DE2D5-0400-4B4A-A333-60C45CBB0204} = {31250C96-0F22-482F-B3D7-127898A28CF3}
		{05EA4B3A-C619-44BB-88C4-F067FCCF83AA} = {31250C96-0F22-482F-B3D7-127898A28CF3}
		{F1B24FD4-099E-489D-B45D-A1A992CA5C3A} = {A1369CCD-42D1-43F6-98BC-D8EDA62C2B13}
		{0D6C38A7-B684-43BA-9BCF-1EF4C1A943CD} = {A1369CCD-42D1-43F6-98BC-D8EDA62C2B13}
	EndGlobalSection
	GlobalSection(ExtensibilityGlobals) = postSolution
		SolutionGuid = {066FD85A-3DDE-4615-B550-BF67ACCDAA51}
	EndGlobalSection
EndGlobal
